
Microsoft Visual Studio Solution File, Format Version 12.00
# Visual Studio 14
VisualStudioVersion = 14.0.25420.1
MinimumVisualStudioVersion = 10.0.40219.1
Project("{FAE04EC0-301F-11D3-BF4B-00C04F79EFBC}") = "DataBaseFirstApproach", "DataBaseFirstApproach\DataBaseFirstApproach.csproj", "{DBEAD2A5-0F1F-49EC-BEAD-0ED8AEA67B4F}"
EndProject
Global
	GlobalSection(SolutionConfigurationPlatforms) = preSolution
		Debug|Any CPU = Debug|Any CPU
		Release|Any CPU = Release|Any CPU
	EndGlobalSection
	GlobalSection(ProjectConfigurationPlatforms) = postSolution
		{DBEAD2A5-0F1F-49EC-BEAD-0ED8AEA67B4F}.Debug|Any CPU.ActiveCfg = Debug|Any CPU
		{DBEAD2A5-0F1F-49EC-BEAD-0ED8AEA67B4F}.Debug|Any CPU.Build.0 = Debug|Any CPU
		{DBEAD2A5-0F1F-49EC-BEAD-0ED8AEA67B4F}.Release|Any CPU.ActiveCfg = Release|Any CPU
		{DBEAD2A5-0F1F-49EC-BEAD-0ED8AEA67B4F}.Release|Any CPU.Build.0 = Release|Any CPU
	EndGlobalSection
	GlobalSection(SolutionProperties) = preSolution
		HideSolutionNode = FALSE
	EndGlobalSection
EndGlobal
